
Microsoft Visual Studio Solution File, Format Version 12.00
# Visual Studio Version 17
VisualStudioVersion = 17.6.33723.286
MinimumVisualStudioVersion = 10.0.40219.1
Project("{8BC9CEB8-8B4A-11D0-8D11-00A0C91BC942}") = "introduction To OOP", "introduction To OOP\introduction To OOP.vcxproj", "{993DE041-6D52-4A89-ACC1-0A47D6BBDF1B}"
EndProject
Project("{8BC9CEB8-8B4A-11D0-8D11-00A0C91BC942}") = "конструкторы", "конструкторы\конструкторы.vcxproj", "{B040C07C-3B99-49A5-9496-6148C5C62A45}"
EndProject
Project("{8BC9CEB8-8B4A-11D0-8D11-00A0C91BC942}") = "Fraction", "Fraction\Fraction.vcxproj", "{1F1407E2-47A3-41CA-8E3D-22691B24AF64}"
EndProject
Project("{8BC9CEB8-8B4A-11D0-8D11-00A0C91BC942}") = "String", "String\String.vcxproj", "{432D01F0-DBC6-4C98-B8B6-AF178A945F4E}"
EndProject
Project("{8BC9CEB8-8B4A-11D0-8D11-00A0C91BC942}") = "StringLibTest", "StringLibTest\StringLibTest.vcxproj", "{BCF1D88E-6616-4DB6-84D5-1BAC3F11A6EB}"
EndProject
Global
	GlobalSection(SolutionConfigurationPlatforms) = preSolution
		Debug|x64 = Debug|x64
		Debug|x86 = Debug|x86
		Release|x64 = Release|x64
		Release|x86 = Release|x86
	EndGlobalSection
	GlobalSection(ProjectConfigurationPlatforms) = postSolution
		{993DE041-6D52-4A89-ACC1-0A47D6BBDF1B}.Debug|x64.ActiveCfg = Debug|x64
		{993DE041-6D52-4A89-ACC1-0A47D6BBDF1B}.Debug|x64.Build.0 = Debug|x64
		{993DE041-6D52-4A89-ACC1-0A47D6BBDF1B}.Debug|x86.ActiveCfg = Debug|Win32
		{993DE041-6D52-4A89-ACC1-0A47D6BBDF1B}.Debug|x86.Build.0 = Debug|Win32
		{993DE041-6D52-4A89-ACC1-0A47D6BBDF1B}.Release|x64.ActiveCfg = Release|x64
		{993DE041-6D52-4A89-ACC1-0A47D6BBDF1B}.Release|x64.Build.0 = Release|x64
		{993DE041-6D52-4A89-ACC1-0A47D6BBDF1B}.Release|x86.ActiveCfg = Release|Win32
		{993DE041-6D52-4A89-ACC1-0A47D6BBDF1B}.Release|x86.Build.0 = Release|Win32
		{B040C07C-3B99-49A5-9496-6148C5C62A45}.Debug|x64.ActiveCfg = Debug|x64
		{B040C07C-3B99-49A5-9496-6148C5C62A45}.Debug|x64.Build.0 = Debug|x64
		{B040C07C-3B99-49A5-9496-6148C5C62A45}.Debug|x86.ActiveCfg = Debug|Win32
		{B040C07C-3B99-49A5-9496-6148C5C62A45}.Debug|x86.Build.0 = Debug|Win32
		{B040C07C-3B99-49A5-9496-6148C5C62A45}.Release|x64.ActiveCfg = Release|x64
		{B040C07C-3B99-49A5-9496-6148C5C62A45}.Release|x64.Build.0 = Release|x64
		{B040C07C-3B99-49A5-9496-6148C5C62A45}.Release|x86.ActiveCfg = Release|Win32
		{B040C07C-3B99-49A5-9496-6148C5C62A45}.Release|x86.Build.0 = Release|Win32
		{1F1407E2-47A3-41CA-8E3D-22691B24AF64}.Debug|x64.ActiveCfg = Debug|x64
		{1F1407E2-47A3-41CA-8E3D-22691B24AF64}.Debug|x64.Build.0 = Debug|x64
		{1F1407E2-47A3-41CA-8E3D-22691B24AF64}.Debug|x86.ActiveCfg = Debug|Win32
		{1F1407E2-47A3-41CA-8E3D-22691B24AF64}.Debug|x86.Build.0 = Debug|Win32
		{1F1407E2-47A3-41CA-8E3D-22691B24AF64}.Release|x64.ActiveCfg = Release|x64
		{1F1407E2-47A3-41CA-8E3D-22691B24AF64}.Release|x64.Build.0 = Release|x64
		{1F1407E2-47A3-41CA-8E3D-22691B24AF64}.Release|x86.ActiveCfg = Release|Win32
		{1F1407E2-47A3-41CA-8E3D-22691B24AF64}.Release|x86.Build.0 = Release|Win32
		{432D01F0-DBC6-4C98-B8B6-AF178A945F4E}.Debug|x64.ActiveCfg = Debug|x64
		{432D01F0-DBC6-4C98-B8B6-AF178A945F4E}.Debug|x64.Build.0 = Debug|x64
		{432D01F0-DBC6-4C98-B8B6-AF178A945F4E}.Debug|x86.ActiveCfg = Debug|Win32
		{432D01F0-DBC6-4C98-B8B6-AF178A945F4E}.Debug|x86.Build.0 = Debug|Win32
		{432D01F0-DBC6-4C98-B8B6-AF178A945F4E}.Release|x64.ActiveCfg = Release|x64
		{432D01F0-DBC6-4C98-B8B6-AF178A945F4E}.Release|x64.Build.0 = Release|x64
		{432D01F0-DBC6-4C98-B8B6-AF178A945F4E}.Release|x86.ActiveCfg = Release|Win32
		{432D01F0-DBC6-4C98-B8B6-AF178A945F4E}.Release|x86.Build.0 = Release|Win32
		{BCF1D88E-6616-4DB6-84D5-1BAC3F11A6EB}.Debug|x64.ActiveCfg = Debug|x64
		{BCF1D88E-6616-4DB6-84D5-1BAC3F11A6EB}.Debug|x64.Build.0 = Debug|x64
		{BCF1D88E-6616-4DB6-84D5-1BAC3F11A6EB}.Debug|x86.ActiveCfg = Debug|Win32
		{BCF1D88E-6616-4DB6-84D5-1BAC3F11A6EB}.Debug|x86.Build.0 = Debug|Win32
		{BCF1D88E-6616-4DB6-84D5-1BAC3F11A6EB}.Release|x64.ActiveCfg = Release|x64
		{BCF1D88E-6616-4DB6-84D5-1BAC3F11A6EB}.Release|x64.Build.0 = Release|x64
		{BCF1D88E-6616-4DB6-84D5-1BAC3F11A6EB}.Release|x86.ActiveCfg = Release|Win32
		{BCF1D88E-6616-4DB6-84D5-1BAC3F11A6EB}.Release|x86.Build.0 = Release|Win32
	EndGlobalSection
	GlobalSection(SolutionProperties) = preSolution
		HideSolutionNode = FALSE
	EndGlobalSection
	GlobalSection(ExtensibilityGlobals) = postSolution
		SolutionGuid = {70FEDCA2-866F-44C7-9BB1-28C099AD2AB7}
	EndGlobalSection
EndGlobal
